
Microsoft Visual Studio Solution File, Format Version 12.00
# Visual Studio Version 17
VisualStudioVersion = 17.0.31903.59
MinimumVisualStudioVersion = 10.0.40219.1
Project("{FAE04EC0-301F-11D3-BF4B-00C04F79EFBC}") = "API", "API\API.csproj", "{2CC85582-0CCF-4DA9-9D85-FF4D2C96A3A2}"
EndProject
Project("{FAE04EC0-301F-11D3-BF4B-00C04F79EFBC}") = "Core", "Core\Core.csproj", "{6F5EDE50-27B7-4722-816C-AAF35A81D628}"
EndProject
Project("{FAE04EC0-301F-11D3-BF4B-00C04F79EFBC}") = "Infrastructure", "Infrastructure\Infrastructure.csproj", "{E708387B-5F9F-4A4C-9CA2-3F95DAB40E04}"
EndProject
Global
	GlobalSection(SolutionConfigurationPlatforms) = preSolution
		Debug|Any CPU = Debug|Any CPU
		Debug|x64 = Debug|x64
		Debug|x86 = Debug|x86
		Release|Any CPU = Release|Any CPU
		Release|x64 = Release|x64
		Release|x86 = Release|x86
	EndGlobalSection
	GlobalSection(ProjectConfigurationPlatforms) = postSolution
		{2CC85582-0CCF-4DA9-9D85-FF4D2C96A3A2}.Debug|Any CPU.ActiveCfg = Debug|Any CPU
		{2CC85582-0CCF-4DA9-9D85-FF4D2C96A3A2}.Debug|Any CPU.Build.0 = Debug|Any CPU
		{2CC85582-0CCF-4DA9-9D85-FF4D2C96A3A2}.Debug|x64.ActiveCfg = Debug|Any CPU
		{2CC85582-0CCF-4DA9-9D85-FF4D2C96A3A2}.Debug|x64.Build.0 = Debug|Any CPU
		{2CC85582-0CCF-4DA9-9D85-FF4D2C96A3A2}.Debug|x86.ActiveCfg = Debug|Any CPU
		{2CC85582-0CCF-4DA9-9D85-FF4D2C96A3A2}.Debug|x86.Build.0 = Debug|Any CPU
		{2CC85582-0CCF-4DA9-9D85-FF4D2C96A3A2}.Release|Any CPU.ActiveCfg = Release|Any CPU
		{2CC85582-0CCF-4DA9-9D85-FF4D2C96A3A2}.Release|Any CPU.Build.0 = Release|Any CPU
		{2CC85582-0CCF-4DA9-9D85-FF4D2C96A3A2}.Release|x64.ActiveCfg = Release|Any CPU
		{2CC85582-0CCF-4DA9-9D85-FF4D2C96A3A2}.Release|x64.Build.0 = Release|Any CPU
		{2CC85582-0CCF-4DA9-9D85-FF4D2C96A3A2}.Release|x86.ActiveCfg = Release|Any CPU
		{2CC85582-0CCF-4DA9-9D85-FF4D2C96A3A2}.Release|x86.Build.0 = Release|Any CPU
		{6F5EDE50-27B7-4722-816C-AAF35A81D628}.Debug|Any CPU.ActiveCfg = Debug|Any CPU
		{6F5EDE50-27B7-4722-816C-AAF35A81D628}.Debug|Any CPU.Build.0 = Debug|Any CPU
		{6F5EDE50-27B7-4722-816C-AAF35A81D628}.Debug|x64.ActiveCfg = Debug|Any CPU
		{6F5EDE50-27B7-4722-816C-AAF35A81D628}.Debug|x64.Build.0 = Debug|Any CPU
		{6F5EDE50-27B7-4722-816C-AAF35A81D628}.Debug|x86.ActiveCfg = Debug|Any CPU
		{6F5EDE50-27B7-4722-816C-AAF35A81D628}.Debug|x86.Build.0 = Debug|Any CPU
		{6F5EDE50-27B7-4722-816C-AAF35A81D628}.Release|Any CPU.ActiveCfg = Release|Any CPU
		{6F5EDE50-27B7-4722-816C-AAF35A81D628}.Release|Any CPU.Build.0 = Release|Any CPU
		{6F5EDE50-27B7-4722-816C-AAF35A81D628}.Release|x64.ActiveCfg = Release|Any CPU
		{6F5EDE50-27B7-4722-816C-AAF35A81D628}.Release|x64.Build.0 = Release|Any CPU
		{6F5EDE50-27B7-4722-816C-AAF35A81D628}.Release|x86.ActiveCfg = Release|Any CPU
		{6F5EDE50-27B7-4722-816C-AAF35A81D628}.Release|x86.Build.0 = Release|Any CPU
		{E708387B-5F9F-4A4C-9CA2-3F95DAB40E04}.Debug|Any CPU.ActiveCfg = Debug|Any CPU
		{E708387B-5F9F-4A4C-9CA2-3F95DAB40E04}.Debug|Any CPU.Build.0 = Debug|Any CPU
		{E708387B-5F9F-4A4C-9CA2-3F95DAB40E04}.Debug|x64.ActiveCfg = Debug|Any CPU
		{E708387B-5F9F-4A4C-9CA2-3F95DAB40E04}.Debug|x64.Build.0 = Debug|Any CPU
		{E708387B-5F9F-4A4C-9CA2-3F95DAB40E04}.Debug|x86.ActiveCfg = Debug|Any CPU
		{E708387B-5F9F-4A4C-9CA2-3F95DAB40E04}.Debug|x86.Build.0 = Debug|Any CPU
		{E708387B-5F9F-4A4C-9CA2-3F95DAB40E04}.Release|Any CPU.ActiveCfg = Release|Any CPU
		{E708387B-5F9F-4A4C-9CA2-3F95DAB40E04}.Release|Any CPU.Build.0 = Release|Any CPU
		{E708387B-5F9F-4A4C-9CA2-3F95DAB40E04}.Release|x64.ActiveCfg = Release|Any CPU
		{E708387B-5F9F-4A4C-9CA2-3F95DAB40E04}.Release|x64.Build.0 = Release|Any CPU
		{E708387B-5F9F-4A4C-9CA2-3F95DAB40E04}.Release|x86.ActiveCfg = Release|Any CPU
		{E708387B-5F9F-4A4C-9CA2-3F95DAB40E04}.Release|x86.Build.0 = Release|Any CPU
	EndGlobalSection
	GlobalSection(SolutionProperties) = preSolution
		HideSolutionNode = FALSE
	EndGlobalSection
EndGlobal
